{
    "_readme": [
        "This file locks the dependencies of your project to a known state",
        "Read more about it at https://getcomposer.org/doc/01-basic-usage.md#composer-lock-the-lock-file",
        "This file is @generated automatically"
    ],
    "content-hash": "bed393bc0b5159f770759a99a0bcb9c4",
    "packages": [
        {
            "name": "riverslei/payment",
            "version": "v3.1.0",
            "source": {
                "type": "git",
                "url": "https://github.com/helei112g/payment.git",
                "reference": "31dab9a45971eab4a48cafb9925dec36c8ed88cf"
            },
            "dist": {
                "type": "zip",
                "url": "https://files.phpcomposer.com/files/helei112g/payment/31dab9a45971eab4a48cafb9925dec36c8ed88cf.zip",
                "reference": "31dab9a45971eab4a48cafb9925dec36c8ed88cf",
                "shasum": ""
            },
            "require": {
                "ext-bcmath": "*",
                "ext-mbstring": "*",
                "php": ">=5.6"
            },
            "require-dev": {
                "endroid/qrcode": "~1.9"
            },
            "type": "library",
            "autoload": {
                "psr-4": {
                    "Payment\\": "src/"
                }
            },
            "notification-url": "https://packagist.org/downloads/",
            "license": [
                "MIT"
            ],
            "authors": [
                {
                    "name": "helei",
                    "email": "dayugog@gmail.com",
                    "homepage": "https://helei112g.github.io/categories/payment-3/"
                }
            ],
            "description": "支付宝支付、微信支付、招商一网通支付php SDK。方便快速接入，最完整的开源支付 php sdk",
            "homepage": "https://helei112g.github.io/categories/payment-3/",
            "keywords": [
                "alipay",
                "weixin",
                "一网通",
                "微信支付",
                "招商一网通",
                "支付宝支付",
                "集成支付接口SDK"
            ],
            "time": "2017-04-30T11:24:48+00:00"
        }
    ],
    "packages-dev": [],
    "aliases": [],
    "minimum-stability": "stable",
    "stability-flags": [],
    "prefer-stable": false,
    "prefer-lowest": false,
    "platform": [],
    "platform-dev": []
}
